
Microsoft Visual Studio Solution File, Format Version 12.00
# Visual Studio Version 16
VisualStudioVersion = 16.0.30804.86
MinimumVisualStudioVersion = 10.0.40219.1
Project("{FAE04EC0-301F-11D3-BF4B-00C04F79EFBC}") = "StayAwake", "StayAwake.csproj", "{9C729968-FA5D-4D38-8086-0267CBF5A386}"
EndProject
Global
	GlobalSection(SolutionConfigurationPlatforms) = preSolution
		Debug|Any CPU = Debug|Any CPU
		Release|Any CPU = Release|Any CPU
	EndGlobalSection
	GlobalSection(ProjectConfigurationPlatforms) = postSolution
		{9C729968-FA5D-4D38-8086-0267CBF5A386}.Debug|Any CPU.ActiveCfg = Debug|Any CPU
		{9C729968-FA5D-4D38-8086-0267CBF5A386}.Debug|Any CPU.Build.0 = Debug|Any CPU
		{9C729968-FA5D-4D38-8086-0267CBF5A386}.Release|Any CPU.ActiveCfg = Release|Any CPU
		{9C729968-FA5D-4D38-8086-0267CBF5A386}.Release|Any CPU.Build.0 = Release|Any CPU
	EndGlobalSection
	GlobalSection(SolutionProperties) = preSolution
		HideSolutionNode = FALSE
	EndGlobalSection
	GlobalSection(ExtensibilityGlobals) = postSolution
		SolutionGuid = {CF6FB254-444A-4F7F-91AF-485C5CD2C82C}
	EndGlobalSection
EndGlobal
